
Microsoft Visual Studio Solution File, Format Version 12.00
# Visual Studio Version 16
VisualStudioVersion = 16.0.31729.503
MinimumVisualStudioVersion = 10.0.40219.1
Project("{FAE04EC0-301F-11D3-BF4B-00C04F79EFBC}") = "Birthday Party", "Birthday Party\Birthday Party.csproj", "{DCCCDCEA-9A96-4166-95E8-5505465FEA28}"
EndProject
Project("{FAE04EC0-301F-11D3-BF4B-00C04F79EFBC}") = "Cat Walking", "Cat Walking\Cat Walking.csproj", "{9B0F7BC1-0EAF-4E4B-9B4B-181EFDB07B7F}"
EndProject
Project("{FAE04EC0-301F-11D3-BF4B-00C04F79EFBC}") = "FitnesCard", "FitnesCard\FitnesCard.csproj", "{FC819FB0-D0E8-4C0D-8928-6EA4F65296D4}"
EndProject
Project("{FAE04EC0-301F-11D3-BF4B-00C04F79EFBC}") = "Food for Pets", "Food for Pets\Food for Pets.csproj", "{ABC7D097-C566-4F4B-8414-4F1074091FDC}"
EndProject
Project("{FAE04EC0-301F-11D3-BF4B-00C04F79EFBC}") = "Suitcases Load", "Suitcases Load\Suitcases Load.csproj", "{86973100-0663-46AE-88FD-0EC65F732522}"
EndProject
Project("{FAE04EC0-301F-11D3-BF4B-00C04F79EFBC}") = "Tournament of Christmas", "Tournament of Christmas\Tournament of Christmas.csproj", "{29742717-89BA-4E80-A715-C6235906D06D}"
EndProject
Global
	GlobalSection(SolutionConfigurationPlatforms) = preSolution
		Debug|Any CPU = Debug|Any CPU
		Release|Any CPU = Release|Any CPU
	EndGlobalSection
	GlobalSection(ProjectConfigurationPlatforms) = postSolution
		{DCCCDCEA-9A96-4166-95E8-5505465FEA28}.Debug|Any CPU.ActiveCfg = Debug|Any CPU
		{DCCCDCEA-9A96-4166-95E8-5505465FEA28}.Debug|Any CPU.Build.0 = Debug|Any CPU
		{DCCCDCEA-9A96-4166-95E8-5505465FEA28}.Release|Any CPU.ActiveCfg = Release|Any CPU
		{DCCCDCEA-9A96-4166-95E8-5505465FEA28}.Release|Any CPU.Build.0 = Release|Any CPU
		{9B0F7BC1-0EAF-4E4B-9B4B-181EFDB07B7F}.Debug|Any CPU.ActiveCfg = Debug|Any CPU
		{9B0F7BC1-0EAF-4E4B-9B4B-181EFDB07B7F}.Debug|Any CPU.Build.0 = Debug|Any CPU
		{9B0F7BC1-0EAF-4E4B-9B4B-181EFDB07B7F}.Release|Any CPU.ActiveCfg = Release|Any CPU
		{9B0F7BC1-0EAF-4E4B-9B4B-181EFDB07B7F}.Release|Any CPU.Build.0 = Release|Any CPU
		{FC819FB0-D0E8-4C0D-8928-6EA4F65296D4}.Debug|Any CPU.ActiveCfg = Debug|Any CPU
		{FC819FB0-D0E8-4C0D-8928-6EA4F65296D4}.Debug|Any CPU.Build.0 = Debug|Any CPU
		{FC819FB0-D0E8-4C0D-8928-6EA4F65296D4}.Release|Any CPU.ActiveCfg = Release|Any CPU
		{FC819FB0-D0E8-4C0D-8928-6EA4F65296D4}.Release|Any CPU.Build.0 = Release|Any CPU
		{ABC7D097-C566-4F4B-8414-4F1074091FDC}.Debug|Any CPU.ActiveCfg = Debug|Any CPU
		{ABC7D097-C566-4F4B-8414-4F1074091FDC}.Debug|Any CPU.Build.0 = Debug|Any CPU
		{ABC7D097-C566-4F4B-8414-4F1074091FDC}.Release|Any CPU.ActiveCfg = Release|Any CPU
		{ABC7D097-C566-4F4B-8414-4F1074091FDC}.Release|Any CPU.Build.0 = Release|Any CPU
		{86973100-0663-46AE-88FD-0EC65F732522}.Debug|Any CPU.ActiveCfg = Debug|Any CPU
		{86973100-0663-46AE-88FD-0EC65F732522}.Debug|Any CPU.Build.0 = Debug|Any CPU
		{86973100-0663-46AE-88FD-0EC65F732522}.Release|Any CPU.ActiveCfg = Release|Any CPU
		{86973100-0663-46AE-88FD-0EC65F732522}.Release|Any CPU.Build.0 = Release|Any CPU
		{29742717-89BA-4E80-A715-C6235906D06D}.Debug|Any CPU.ActiveCfg = Debug|Any CPU
		{29742717-89BA-4E80-A715-C6235906D06D}.Debug|Any CPU.Build.0 = Debug|Any CPU
		{29742717-89BA-4E80-A715-C6235906D06D}.Release|Any CPU.ActiveCfg = Release|Any CPU
		{29742717-89BA-4E80-A715-C6235906D06D}.Release|Any CPU.Build.0 = Release|Any CPU
	EndGlobalSection
	GlobalSection(SolutionProperties) = preSolution
		HideSolutionNode = FALSE
	EndGlobalSection
	GlobalSection(ExtensibilityGlobals) = postSolution
		SolutionGuid = {6A7946CD-C4A5-45C6-90CC-4B7F3ADA0549}
	EndGlobalSection
EndGlobal
